
Microsoft Visual Studio Solution File, Format Version 12.00
# Visual Studio Version 17
VisualStudioVersion = 17.11.35327.3
MinimumVisualStudioVersion = 10.0.40219.1
Project("{FAE04EC0-301F-11D3-BF4B-00C04F79EFBC}") = "OmegaOrm", "OmegaOrm.csproj", "{09CE7050-FDEF-4B6E-A4FC-77497AD34A47}"
EndProject
Global
	GlobalSection(SolutionConfigurationPlatforms) = preSolution
		Debug|Any CPU = Debug|Any CPU
		Release|Any CPU = Release|Any CPU
	EndGlobalSection
	GlobalSection(ProjectConfigurationPlatforms) = postSolution
		{09CE7050-FDEF-4B6E-A4FC-77497AD34A47}.Debug|Any CPU.ActiveCfg = Debug|Any CPU
		{09CE7050-FDEF-4B6E-A4FC-77497AD34A47}.Debug|Any CPU.Build.0 = Debug|Any CPU
		{09CE7050-FDEF-4B6E-A4FC-77497AD34A47}.Release|Any CPU.ActiveCfg = Release|Any CPU
		{09CE7050-FDEF-4B6E-A4FC-77497AD34A47}.Release|Any CPU.Build.0 = Release|Any CPU
	EndGlobalSection
	GlobalSection(SolutionProperties) = preSolution
		HideSolutionNode = FALSE
	EndGlobalSection
	GlobalSection(ExtensibilityGlobals) = postSolution
		SolutionGuid = {A23EA5D7-8832-4392-8D9F-DF26FD70DD66}
	EndGlobalSection
EndGlobal
